// !$*UTF8*$!
{
	archiveVersion = 1;
	classes = {
	};
	objectVersion = 48;
	objects = {

/* Begin PBXBuildFile section */
		FE068BCE2057E38C005D854A /* main.cpp in Sources */ = {isa = PBXBuildFile; fileRef = FE068BCD2057E38C005D854A /* main.cpp */; };
		FE068BD62057E7AE005D854A /* grayScale.cpp in Sources */ = {isa = PBXBuildFile; fileRef = FE068BD42057E7AE005D854A /* grayScale.cpp */; };
		FE068C022057F7CE005D854A /* libopencv_line_descriptor.3.4.0.dylib in Frameworks */ = {isa = PBXBuildFile; fileRef = FE068BD82057F7CC005D854A /* libopencv_line_descriptor.3.4.0.dylib */; };
		FE068C032057F7CE005D854A /* libopencv_videoio.3.4.0.dylib in Frameworks */ = {isa = PBXBuildFile; fileRef = FE068BD92057F7CC005D854A /* libopencv_videoio.3.4.0.dylib */; };
		FE068C042057F7CE005D854A /* libopencv_flann.3.4.0.dylib in Frameworks */ = {isa = PBXBuildFile; fileRef = FE068BDA2057F7CD005D854A /* libopencv_flann.3.4.0.dylib */; };
		FE068C052057F7CE005D854A /* libopencv_reg.3.4.0.dylib in Frameworks */ = {isa = PBXBuildFile; fileRef = FE068BDB2057F7CD005D854A /* libopencv_reg.3.4.0.dylib */; };
		FE068C062057F7CE005D854A /* libopencv_imgproc.3.4.0.dylib in Frameworks */ = {isa = PBXBuildFile; fileRef = FE068BDC2057F7CD005D854A /* libopencv_imgproc.3.4.0.dylib */; };
		FE068C072057F7CE005D854A /* libopencv_img_hash.3.4.0.dylib in Frameworks */ = {isa = PBXBuildFile; fileRef = FE068BDD2057F7CD005D854A /* libopencv_img_hash.3.4.0.dylib */; };
		FE068C082057F7CE005D854A /* libopencv_plot.3.4.0.dylib in Frameworks */ = {isa = PBXBuildFile; fileRef = FE068BDE2057F7CD005D854A /* libopencv_plot.3.4.0.dylib */; };
		FE068C092057F7CE005D854A /* libopencv_xphoto.3.4.0.dylib in Frameworks */ = {isa = PBXBuildFile; fileRef = FE068BDF2057F7CD005D854A /* libopencv_xphoto.3.4.0.dylib */; };
		FE068C0A2057F7CE005D854A /* libopencv_objdetect.3.4.0.dylib in Frameworks */ = {isa = PBXBuildFile; fileRef = FE068BE02057F7CD005D854A /* libopencv_objdetect.3.4.0.dylib */; };
		FE068C0B2057F7CE005D854A /* libopencv_text.3.4.0.dylib in Frameworks */ = {isa = PBXBuildFile; fileRef = FE068BE12057F7CD005D854A /* libopencv_text.3.4.0.dylib */; };
		FE068C0C2057F7CE005D854A /* libopencv_photo.3.4.0.dylib in Frameworks */ = {isa = PBXBuildFile; fileRef = FE068BE22057F7CD005D854A /* libopencv_photo.3.4.0.dylib */; };
		FE068C0D2057F7CE005D854A /* libopencv_tracking.3.4.0.dylib in Frameworks */ = {isa = PBXBuildFile; fileRef = FE068BE32057F7CD005D854A /* libopencv_tracking.3.4.0.dylib */; };
		FE068C0E2057F7CE005D854A /* libopencv_xfeatures2d.3.4.0.dylib in Frameworks */ = {isa = PBXBuildFile; fileRef = FE068BE42057F7CD005D854A /* libopencv_xfeatures2d.3.4.0.dylib */; };
		FE068C0F2057F7CE005D854A /* libopencv_ml.3.4.0.dylib in Frameworks */ = {isa = PBXBuildFile; fileRef = FE068BE52057F7CD005D854A /* libopencv_ml.3.4.0.dylib */; };
		FE068C102057F7CE005D854A /* libopencv_phase_unwrapping.3.4.0.dylib in Frameworks */ = {isa = PBXBuildFile; fileRef = FE068BE62057F7CD005D854A /* libopencv_phase_unwrapping.3.4.0.dylib */; };
		FE068C112057F7CE005D854A /* libopencv_saliency.3.4.0.dylib in Frameworks */ = {isa = PBXBuildFile; fileRef = FE068BE72057F7CD005D854A /* libopencv_saliency.3.4.0.dylib */; };
		FE068C122057F7CE005D854A /* libopencv_face.3.4.0.dylib in Frameworks */ = {isa = PBXBuildFile; fileRef = FE068BE82057F7CD005D854A /* libopencv_face.3.4.0.dylib */; };
		FE068C132057F7CE005D854A /* libopencv_shape.3.4.0.dylib in Frameworks */ = {isa = PBXBuildFile; fileRef = FE068BE92057F7CD005D854A /* libopencv_shape.3.4.0.dylib */; };
		FE068C142057F7CE005D854A /* libopencv_bioinspired.3.4.0.dylib in Frameworks */ = {isa = PBXBuildFile; fileRef = FE068BEA2057F7CD005D854A /* libopencv_bioinspired.3.4.0.dylib */; };
		FE068C152057F7CE005D854A /* libopencv_dnn.3.4.0.dylib in Frameworks */ = {isa = PBXBuildFile; fileRef = FE068BEB2057F7CD005D854A /* libopencv_dnn.3.4.0.dylib */; };
		FE068C162057F7CE005D854A /* libopencv_stereo.3.4.0.dylib in Frameworks */ = {isa = PBXBuildFile; fileRef = FE068BEC2057F7CD005D854A /* libopencv_stereo.3.4.0.dylib */; };
		FE068C172057F7CE005D854A /* libopencv_video.3.4.0.dylib in Frameworks */ = {isa = PBXBuildFile; fileRef = FE068BED2057F7CD005D854A /* libopencv_video.3.4.0.dylib */; };
		FE068C182057F7CE005D854A /* libopencv_aruco.3.4.0.dylib in Frameworks */ = {isa = PBXBuildFile; fileRef = FE068BEE2057F7CD005D854A /* libopencv_aruco.3.4.0.dylib */; };
		FE068C192057F7CE005D854A /* libopencv_optflow.3.4.0.dylib in Frameworks */ = {isa = PBXBuildFile; fileRef = FE068BEF2057F7CD005D854A /* libopencv_optflow.3.4.0.dylib */; };
		FE068C1A2057F7CE005D854A /* libopencv_imgcodecs.3.4.0.dylib in Frameworks */ = {isa = PBXBuildFile; fileRef = FE068BF02057F7CD005D854A /* libopencv_imgcodecs.3.4.0.dylib */; };
		FE068C1B2057F7CE005D854A /* libopencv_videostab.3.4.0.dylib in Frameworks */ = {isa = PBXBuildFile; fileRef = FE068BF12057F7CD005D854A /* libopencv_videostab.3.4.0.dylib */; };
		FE068C1C2057F7CE005D854A /* libopencv_ximgproc.3.4.0.dylib in Frameworks */ = {isa = PBXBuildFile; fileRef = FE068BF22057F7CE005D854A /* libopencv_ximgproc.3.4.0.dylib */; };
		FE068C1D2057F7CE005D854A /* libopencv_superres.3.4.0.dylib in Frameworks */ = {isa = PBXBuildFile; fileRef = FE068BF32057F7CE005D854A /* libopencv_superres.3.4.0.dylib */; };
		FE068C1E2057F7CE005D854A /* libopencv_fuzzy.3.4.0.dylib in Frameworks */ = {isa = PBXBuildFile; fileRef = FE068BF42057F7CE005D854A /* libopencv_fuzzy.3.4.0.dylib */; };
		FE068C1F2057F7CE005D854A /* libopencv_features2d.3.4.0.dylib in Frameworks */ = {isa = PBXBuildFile; fileRef = FE068BF52057F7CE005D854A /* libopencv_features2d.3.4.0.dylib */; };
		FE068C202057F7CE005D854A /* libopencv_datasets.3.4.0.dylib in Frameworks */ = {isa = PBXBuildFile; fileRef = FE068BF62057F7CE005D854A /* libopencv_datasets.3.4.0.dylib */; };
		FE068C212057F7CE005D854A /* libopencv_xobjdetect.3.4.0.dylib in Frameworks */ = {isa = PBXBuildFile; fileRef = FE068BF72057F7CE005D854A /* libopencv_xobjdetect.3.4.0.dylib */; };
		FE068C222057F7CE005D854A /* libopencv_highgui.3.4.0.dylib in Frameworks */ = {isa = PBXBuildFile; fileRef = FE068BF82057F7CE005D854A /* libopencv_highgui.3.4.0.dylib */; };
		FE068C232057F7CE005D854A /* libopencv_stitching.3.4.0.dylib in Frameworks */ = {isa = PBXBuildFile; fileRef = FE068BF92057F7CE005D854A /* libopencv_stitching.3.4.0.dylib */; };
		FE068C242057F7CE005D854A /* libopencv_calib3d.3.4.0.dylib in Frameworks */ = {isa = PBXBuildFile; fileRef = FE068BFA2057F7CE005D854A /* libopencv_calib3d.3.4.0.dylib */; };
		FE068C252057F7CE005D854A /* libopencv_core.3.4.0.dylib in Frameworks */ = {isa = PBXBuildFile; fileRef = FE068BFB2057F7CE005D854A /* libopencv_core.3.4.0.dylib */; };
		FE068C262057F7CE005D854A /* libopencv_dpm.3.4.0.dylib in Frameworks */ = {isa = PBXBuildFile; fileRef = FE068BFC2057F7CE005D854A /* libopencv_dpm.3.4.0.dylib */; };
		FE068C272057F7CE005D854A /* libopencv_ccalib.3.4.0.dylib in Frameworks */ = {isa = PBXBuildFile; fileRef = FE068BFD2057F7CE005D854A /* libopencv_ccalib.3.4.0.dylib */; };
		FE068C282057F7CE005D854A /* libopencv_rgbd.3.4.0.dylib in Frameworks */ = {isa = PBXBuildFile; fileRef = FE068BFE2057F7CE005D854A /* libopencv_rgbd.3.4.0.dylib */; };
		FE068C292057F7CE005D854A /* libopencv_bgsegm.3.4.0.dylib in Frameworks */ = {isa = PBXBuildFile; fileRef = FE068BFF2057F7CE005D854A /* libopencv_bgsegm.3.4.0.dylib */; };
		FE068C2A2057F7CE005D854A /* libopencv_structured_light.3.4.0.dylib in Frameworks */ = {isa = PBXBuildFile; fileRef = FE068C002057F7CE005D854A /* libopencv_structured_light.3.4.0.dylib */; };
		FE068C2B2057F7CE005D854A /* libopencv_surface_matching.3.4.0.dylib in Frameworks */ = {isa = PBXBuildFile; fileRef = FE068C012057F7CE005D854A /* libopencv_surface_matching.3.4.0.dylib */; };
		FE0E25002067D5F200C94D0D /* hierarchicalBinarizationOtsu.cpp in Sources */ = {isa = PBXBuildFile; fileRef = FE0E24FE2067D5F200C94D0D /* hierarchicalBinarizationOtsu.cpp */; };
		FE206061205AE0750090CCAE /* binarizationBand.cpp in Sources */ = {isa = PBXBuildFile; fileRef = FE20605F205AE0750090CCAE /* binarizationBand.cpp */; };
		FE2ABC4D20619C0D00F5A2F0 /* binarisationOfOtsaLocal.cpp in Sources */ = {isa = PBXBuildFile; fileRef = FE2ABC4B20619C0D00F5A2F0 /* binarisationOfOtsaLocal.cpp */; };
		FE2ED22C205974AB00879F74 /* binaryConversions.cpp in Sources */ = {isa = PBXBuildFile; fileRef = FE2ED22A205974AB00879F74 /* binaryConversions.cpp */; };
		FE2ED22F20597B0700879F74 /* binarysationSetthreshold.cpp in Sources */ = {isa = PBXBuildFile; fileRef = FE2ED22D20597B0700879F74 /* binarysationSetthreshold.cpp */; };
		FE8F6E3A2061121E001E46A5 /* histogramEqualization.cpp in Sources */ = {isa = PBXBuildFile; fileRef = FE8F6E392061121D001E46A5 /* histogramEqualization.cpp */; };
		FE8F6E442061166F001E46A5 /* binarisationofWotso.cpp in Sources */ = {isa = PBXBuildFile; fileRef = FE8F6E422061166F001E46A5 /* binarisationofWotso.cpp */; };
/* End PBXBuildFile section */

/* Begin PBXCopyFilesBuildPhase section */
		FE068BC82057E38C005D854A /* CopyFiles */ = {
			isa = PBXCopyFilesBuildPhase;
			buildActionMask = 2147483647;
			dstPath = /usr/share/man/man1/;
			dstSubfolderSpec = 0;
			files = (
			);
			runOnlyForDeploymentPostprocessing = 1;
		};
/* End PBXCopyFilesBuildPhase section */

/* Begin PBXFileReference section */
		FE068BCA2057E38C005D854A /* Convert to a grayscale, binary images */ = {isa = PBXFileReference; explicitFileType = "compiled.mach-o.executable"; includeInIndex = 0; path = "Convert to a grayscale, binary images"; sourceTree = BUILT_PRODUCTS_DIR; };
		FE068BCD2057E38C005D854A /* main.cpp */ = {isa = PBXFileReference; lastKnownFileType = sourcecode.cpp.cpp; path = main.cpp; sourceTree = "<group>"; };
		FE068BD42057E7AE005D854A /* grayScale.cpp */ = {isa = PBXFileReference; lastKnownFileType = sourcecode.cpp.cpp; path = grayScale.cpp; sourceTree = "<group>"; };
		FE068BD52057E7AE005D854A /* grayScale.hpp */ = {isa = PBXFileReference; lastKnownFileType = sourcecode.cpp.h; path = grayScale.hpp; sourceTree = "<group>"; };
		FE068BD82057F7CC005D854A /* libopencv_line_descriptor.3.4.0.dylib */ = {isa = PBXFileReference; lastKnownFileType = "compiled.mach-o.dylib"; name = libopencv_line_descriptor.3.4.0.dylib; path = ../../../../../../usr/local/Cellar/opencv/3.4.0_1/lib/libopencv_line_descriptor.3.4.0.dylib; sourceTree = "<group>"; };
		FE068BD92057F7CC005D854A /* libopencv_videoio.3.4.0.dylib */ = {isa = PBXFileReference; lastKnownFileType = "compiled.mach-o.dylib"; name = libopencv_videoio.3.4.0.dylib; path = ../../../../../../usr/local/Cellar/opencv/3.4.0_1/lib/libopencv_videoio.3.4.0.dylib; sourceTree = "<group>"; };
		FE068BDA2057F7CD005D854A /* libopencv_flann.3.4.0.dylib */ = {isa = PBXFileReference; lastKnownFileType = "compiled.mach-o.dylib"; name = libopencv_flann.3.4.0.dylib; path = ../../../../../../usr/local/Cellar/opencv/3.4.0_1/lib/libopencv_flann.3.4.0.dylib; sourceTree = "<group>"; };
		FE068BDB2057F7CD005D854A /* libopencv_reg.3.4.0.dylib */ = {isa = PBXFileReference; lastKnownFileType = "compiled.mach-o.dylib"; name = libopencv_reg.3.4.0.dylib; path = ../../../../../../usr/local/Cellar/opencv/3.4.0_1/lib/libopencv_reg.3.4.0.dylib; sourceTree = "<group>"; };
		FE068BDC2057F7CD005D854A /* libopencv_imgproc.3.4.0.dylib */ = {isa = PBXFileReference; lastKnownFileType = "compiled.mach-o.dylib"; name = libopencv_imgproc.3.4.0.dylib; path = ../../../../../../usr/local/Cellar/opencv/3.4.0_1/lib/libopencv_imgproc.3.4.0.dylib; sourceTree = "<group>"; };
		FE068BDD2057F7CD005D854A /* libopencv_img_hash.3.4.0.dylib */ = {isa = PBXFileReference; lastKnownFileType = "compiled.mach-o.dylib"; name = libopencv_img_hash.3.4.0.dylib; path = ../../../../../../usr/local/Cellar/opencv/3.4.0_1/lib/libopencv_img_hash.3.4.0.dylib; sourceTree = "<group>"; };
		FE068BDE2057F7CD005D854A /* libopencv_plot.3.4.0.dylib */ = {isa = PBXFileReference; lastKnownFileType = "compiled.mach-o.dylib"; name = libopencv_plot.3.4.0.dylib; path = ../../../../../../usr/local/Cellar/opencv/3.4.0_1/lib/libopencv_plot.3.4.0.dylib; sourceTree = "<group>"; };
		FE068BDF2057F7CD005D854A /* libopencv_xphoto.3.4.0.dylib */ = {isa = PBXFileReference; lastKnownFileType = "compiled.mach-o.dylib"; name = libopencv_xphoto.3.4.0.dylib; path = ../../../../../../usr/local/Cellar/opencv/3.4.0_1/lib/libopencv_xphoto.3.4.0.dylib; sourceTree = "<group>"; };
		FE068BE02057F7CD005D854A /* libopencv_objdetect.3.4.0.dylib */ = {isa = PBXFileReference; lastKnownFileType = "compiled.mach-o.dylib"; name = libopencv_objdetect.3.4.0.dylib; path = ../../../../../../usr/local/Cellar/opencv/3.4.0_1/lib/libopencv_objdetect.3.4.0.dylib; sourceTree = "<group>"; };
		FE068BE12057F7CD005D854A /* libopencv_text.3.4.0.dylib */ = {isa = PBXFileReference; lastKnownFileType = "compiled.mach-o.dylib"; name = libopencv_text.3.4.0.dylib; path = ../../../../../../usr/local/Cellar/opencv/3.4.0_1/lib/libopencv_text.3.4.0.dylib; sourceTree = "<group>"; };
		FE068BE22057F7CD005D854A /* libopencv_photo.3.4.0.dylib */ = {isa = PBXFileReference; lastKnownFileType = "compiled.mach-o.dylib"; name = libopencv_photo.3.4.0.dylib; path = ../../../../../../usr/local/Cellar/opencv/3.4.0_1/lib/libopencv_photo.3.4.0.dylib; sourceTree = "<group>"; };
		FE068BE32057F7CD005D854A /* libopencv_tracking.3.4.0.dylib */ = {isa = PBXFileReference; lastKnownFileType = "compiled.mach-o.dylib"; name = libopencv_tracking.3.4.0.dylib; path = ../../../../../../usr/local/Cellar/opencv/3.4.0_1/lib/libopencv_tracking.3.4.0.dylib; sourceTree = "<group>"; };
		FE068BE42057F7CD005D854A /* libopencv_xfeatures2d.3.4.0.dylib */ = {isa = PBXFileReference; lastKnownFileType = "compiled.mach-o.dylib"; name = libopencv_xfeatures2d.3.4.0.dylib; path = ../../../../../../usr/local/Cellar/opencv/3.4.0_1/lib/libopencv_xfeatures2d.3.4.0.dylib; sourceTree = "<group>"; };
		FE068BE52057F7CD005D854A /* libopencv_ml.3.4.0.dylib */ = {isa = PBXFileReference; lastKnownFileType = "compiled.mach-o.dylib"; name = libopencv_ml.3.4.0.dylib; path = ../../../../../../usr/local/Cellar/opencv/3.4.0_1/lib/libopencv_ml.3.4.0.dylib; sourceTree = "<group>"; };
		FE068BE62057F7CD005D854A /* libopencv_phase_unwrapping.3.4.0.dylib */ = {isa = PBXFileReference; lastKnownFileType = "compiled.mach-o.dylib"; name = libopencv_phase_unwrapping.3.4.0.dylib; path = ../../../../../../usr/local/Cellar/opencv/3.4.0_1/lib/libopencv_phase_unwrapping.3.4.0.dylib; sourceTree = "<group>"; };
		FE068BE72057F7CD005D854A /* libopencv_saliency.3.4.0.dylib */ = {isa = PBXFileReference; lastKnownFileType = "compiled.mach-o.dylib"; name = libopencv_saliency.3.4.0.dylib; path = ../../../../../../usr/local/Cellar/opencv/3.4.0_1/lib/libopencv_saliency.3.4.0.dylib; sourceTree = "<group>"; };
		FE068BE82057F7CD005D854A /* libopencv_face.3.4.0.dylib */ = {isa = PBXFileReference; lastKnownFileType = "compiled.mach-o.dylib"; name = libopencv_face.3.4.0.dylib; path = ../../../../../../usr/local/Cellar/opencv/3.4.0_1/lib/libopencv_face.3.4.0.dylib; sourceTree = "<group>"; };
		FE068BE92057F7CD005D854A /* libopencv_shape.3.4.0.dylib */ = {isa = PBXFileReference; lastKnownFileType = "compiled.mach-o.dylib"; name = libopencv_shape.3.4.0.dylib; path = ../../../../../../usr/local/Cellar/opencv/3.4.0_1/lib/libopencv_shape.3.4.0.dylib; sourceTree = "<group>"; };
		FE068BEA2057F7CD005D854A /* libopencv_bioinspired.3.4.0.dylib */ = {isa = PBXFileReference; lastKnownFileType = "compiled.mach-o.dylib"; name = libopencv_bioinspired.3.4.0.dylib; path = ../../../../../../usr/local/Cellar/opencv/3.4.0_1/lib/libopencv_bioinspired.3.4.0.dylib; sourceTree = "<group>"; };
		FE068BEB2057F7CD005D854A /* libopencv_dnn.3.4.0.dylib */ = {isa = PBXFileReference; lastKnownFileType = "compiled.mach-o.dylib"; name = libopencv_dnn.3.4.0.dylib; path = ../../../../../../usr/local/Cellar/opencv/3.4.0_1/lib/libopencv_dnn.3.4.0.dylib; sourceTree = "<group>"; };
		FE068BEC2057F7CD005D854A /* libopencv_stereo.3.4.0.dylib */ = {isa = PBXFileReference; lastKnownFileType = "compiled.mach-o.dylib"; name = libopencv_stereo.3.4.0.dylib; path = ../../../../../../usr/local/Cellar/opencv/3.4.0_1/lib/libopencv_stereo.3.4.0.dylib; sourceTree = "<group>"; };
		FE068BED2057F7CD005D854A /* libopencv_video.3.4.0.dylib */ = {isa = PBXFileReference; lastKnownFileType = "compiled.mach-o.dylib"; name = libopencv_video.3.4.0.dylib; path = ../../../../../../usr/local/Cellar/opencv/3.4.0_1/lib/libopencv_video.3.4.0.dylib; sourceTree = "<group>"; };
		FE068BEE2057F7CD005D854A /* libopencv_aruco.3.4.0.dylib */ = {isa = PBXFileReference; lastKnownFileType = "compiled.mach-o.dylib"; name = libopencv_aruco.3.4.0.dylib; path = ../../../../../../usr/local/Cellar/opencv/3.4.0_1/lib/libopencv_aruco.3.4.0.dylib; sourceTree = "<group>"; };
		FE068BEF2057F7CD005D854A /* libopencv_optflow.3.4.0.dylib */ = {isa = PBXFileReference; lastKnownFileType = "compiled.mach-o.dylib"; name = libopencv_optflow.3.4.0.dylib; path = ../../../../../../usr/local/Cellar/opencv/3.4.0_1/lib/libopencv_optflow.3.4.0.dylib; sourceTree = "<group>"; };
		FE068BF02057F7CD005D854A /* libopencv_imgcodecs.3.4.0.dylib */ = {isa = PBXFileReference; lastKnownFileType = "compiled.mach-o.dylib"; name = libopencv_imgcodecs.3.4.0.dylib; path = ../../../../../../usr/local/Cellar/opencv/3.4.0_1/lib/libopencv_imgcodecs.3.4.0.dylib; sourceTree = "<group>"; };
		FE068BF12057F7CD005D854A /* libopencv_videostab.3.4.0.dylib */ = {isa = PBXFileReference; lastKnownFileType = "compiled.mach-o.dylib"; name = libopencv_videostab.3.4.0.dylib; path = ../../../../../../usr/local/Cellar/opencv/3.4.0_1/lib/libopencv_videostab.3.4.0.dylib; sourceTree = "<group>"; };
		FE068BF22057F7CE005D854A /* libopencv_ximgproc.3.4.0.dylib */ = {isa = PBXFileReference; lastKnownFileType = "compiled.mach-o.dylib"; name = libopencv_ximgproc.3.4.0.dylib; path = ../../../../../../usr/local/Cellar/opencv/3.4.0_1/lib/libopencv_ximgproc.3.4.0.dylib; sourceTree = "<group>"; };
		FE068BF32057F7CE005D854A /* libopencv_superres.3.4.0.dylib */ = {isa = PBXFileReference; lastKnownFileType = "compiled.mach-o.dylib"; name = libopencv_superres.3.4.0.dylib; path = ../../../../../../usr/local/Cellar/opencv/3.4.0_1/lib/libopencv_superres.3.4.0.dylib; sourceTree = "<group>"; };
		FE068BF42057F7CE005D854A /* libopencv_fuzzy.3.4.0.dylib */ = {isa = PBXFileReference; lastKnownFileType = "compiled.mach-o.dylib"; name = libopencv_fuzzy.3.4.0.dylib; path = ../../../../../../usr/local/Cellar/opencv/3.4.0_1/lib/libopencv_fuzzy.3.4.0.dylib; sourceTree = "<group>"; };
		FE068BF52057F7CE005D854A /* libopencv_features2d.3.4.0.dylib */ = {isa = PBXFileReference; lastKnownFileType = "compiled.mach-o.dylib"; name = libopencv_features2d.3.4.0.dylib; path = ../../../../../../usr/local/Cellar/opencv/3.4.0_1/lib/libopencv_features2d.3.4.0.dylib; sourceTree = "<group>"; };
		FE068BF62057F7CE005D854A /* libopencv_datasets.3.4.0.dylib */ = {isa = PBXFileReference; lastKnownFileType = "compiled.mach-o.dylib"; name = libopencv_datasets.3.4.0.dylib; path = ../../../../../../usr/local/Cellar/opencv/3.4.0_1/lib/libopencv_datasets.3.4.0.dylib; sourceTree = "<group>"; };
		FE068BF72057F7CE005D854A /* libopencv_xobjdetect.3.4.0.dylib */ = {isa = PBXFileReference; lastKnownFileType = "compiled.mach-o.dylib"; name = libopencv_xobjdetect.3.4.0.dylib; path = ../../../../../../usr/local/Cellar/opencv/3.4.0_1/lib/libopencv_xobjdetect.3.4.0.dylib; sourceTree = "<group>"; };
		FE068BF82057F7CE005D854A /* libopencv_highgui.3.4.0.dylib */ = {isa = PBXFileReference; lastKnownFileType = "compiled.mach-o.dylib"; name = libopencv_highgui.3.4.0.dylib; path = ../../../../../../usr/local/Cellar/opencv/3.4.0_1/lib/libopencv_highgui.3.4.0.dylib; sourceTree = "<group>"; };
		FE068BF92057F7CE005D854A /* libopencv_stitching.3.4.0.dylib */ = {isa = PBXFileReference; lastKnownFileType = "compiled.mach-o.dylib"; name = libopencv_stitching.3.4.0.dylib; path = ../../../../../../usr/local/Cellar/opencv/3.4.0_1/lib/libopencv_stitching.3.4.0.dylib; sourceTree = "<group>"; };
		FE068BFA2057F7CE005D854A /* libopencv_calib3d.3.4.0.dylib */ = {isa = PBXFileReference; lastKnownFileType = "compiled.mach-o.dylib"; name = libopencv_calib3d.3.4.0.dylib; path = ../../../../../../usr/local/Cellar/opencv/3.4.0_1/lib/libopencv_calib3d.3.4.0.dylib; sourceTree = "<group>"; };
		FE068BFB2057F7CE005D854A /* libopencv_core.3.4.0.dylib */ = {isa = PBXFileReference; lastKnownFileType = "compiled.mach-o.dylib"; name = libopencv_core.3.4.0.dylib; path = ../../../../../../usr/local/Cellar/opencv/3.4.0_1/lib/libopencv_core.3.4.0.dylib; sourceTree = "<group>"; };
		FE068BFC2057F7CE005D854A /* libopencv_dpm.3.4.0.dylib */ = {isa = PBXFileReference; lastKnownFileType = "compiled.mach-o.dylib"; name = libopencv_dpm.3.4.0.dylib; path = ../../../../../../usr/local/Cellar/opencv/3.4.0_1/lib/libopencv_dpm.3.4.0.dylib; sourceTree = "<group>"; };
		FE068BFD2057F7CE005D854A /* libopencv_ccalib.3.4.0.dylib */ = {isa = PBXFileReference; lastKnownFileType = "compiled.mach-o.dylib"; name = libopencv_ccalib.3.4.0.dylib; path = ../../../../../../usr/local/Cellar/opencv/3.4.0_1/lib/libopencv_ccalib.3.4.0.dylib; sourceTree = "<group>"; };
		FE068BFE2057F7CE005D854A /* libopencv_rgbd.3.4.0.dylib */ = {isa = PBXFileReference; lastKnownFileType = "compiled.mach-o.dylib"; name = libopencv_rgbd.3.4.0.dylib; path = ../../../../../../usr/local/Cellar/opencv/3.4.0_1/lib/libopencv_rgbd.3.4.0.dylib; sourceTree = "<group>"; };
		FE068BFF2057F7CE005D854A /* libopencv_bgsegm.3.4.0.dylib */ = {isa = PBXFileReference; lastKnownFileType = "compiled.mach-o.dylib"; name = libopencv_bgsegm.3.4.0.dylib; path = ../../../../../../usr/local/Cellar/opencv/3.4.0_1/lib/libopencv_bgsegm.3.4.0.dylib; sourceTree = "<group>"; };
		FE068C002057F7CE005D854A /* libopencv_structured_light.3.4.0.dylib */ = {isa = PBXFileReference; lastKnownFileType = "compiled.mach-o.dylib"; name = libopencv_structured_light.3.4.0.dylib; path = ../../../../../../usr/local/Cellar/opencv/3.4.0_1/lib/libopencv_structured_light.3.4.0.dylib; sourceTree = "<group>"; };
		FE068C012057F7CE005D854A /* libopencv_surface_matching.3.4.0.dylib */ = {isa = PBXFileReference; lastKnownFileType = "compiled.mach-o.dylib"; name = libopencv_surface_matching.3.4.0.dylib; path = ../../../../../../usr/local/Cellar/opencv/3.4.0_1/lib/libopencv_surface_matching.3.4.0.dylib; sourceTree = "<group>"; };
		FE0E24FE2067D5F200C94D0D /* hierarchicalBinarizationOtsu.cpp */ = {isa = PBXFileReference; lastKnownFileType = sourcecode.cpp.cpp; path = hierarchicalBinarizationOtsu.cpp; sourceTree = "<group>"; };
		FE0E24FF2067D5F200C94D0D /* hierarchicalBinarizationOtsu.hpp */ = {isa = PBXFileReference; lastKnownFileType = sourcecode.cpp.h; path = hierarchicalBinarizationOtsu.hpp; sourceTree = "<group>"; };
		FE20605F205AE0750090CCAE /* binarizationBand.cpp */ = {isa = PBXFileReference; lastKnownFileType = sourcecode.cpp.cpp; path = binarizationBand.cpp; sourceTree = "<group>"; };
		FE206060205AE0750090CCAE /* binarizationBand.hpp */ = {isa = PBXFileReference; lastKnownFileType = sourcecode.cpp.h; path = binarizationBand.hpp; sourceTree = "<group>"; };
		FE2ABC4B20619C0D00F5A2F0 /* binarisationOfOtsaLocal.cpp */ = {isa = PBXFileReference; lastKnownFileType = sourcecode.cpp.cpp; path = binarisationOfOtsaLocal.cpp; sourceTree = "<group>"; };
		FE2ABC4C20619C0D00F5A2F0 /* binarisationOfOtsaLocal.hpp */ = {isa = PBXFileReference; lastKnownFileType = sourcecode.cpp.h; path = binarisationOfOtsaLocal.hpp; sourceTree = "<group>"; };
		FE2ED22A205974AB00879F74 /* binaryConversions.cpp */ = {isa = PBXFileReference; lastKnownFileType = sourcecode.cpp.cpp; path = binaryConversions.cpp; sourceTree = "<group>"; };
		FE2ED22B205974AB00879F74 /* binaryConversions.hpp */ = {isa = PBXFileReference; lastKnownFileType = sourcecode.cpp.h; path = binaryConversions.hpp; sourceTree = "<group>"; };
		FE2ED22D20597B0700879F74 /* binarysationSetthreshold.cpp */ = {isa = PBXFileReference; lastKnownFileType = sourcecode.cpp.cpp; path = binarysationSetthreshold.cpp; sourceTree = "<group>"; };
		FE2ED22E20597B0700879F74 /* binarysationSetthreshold.hpp */ = {isa = PBXFileReference; lastKnownFileType = sourcecode.cpp.h; path = binarysationSetthreshold.hpp; sourceTree = "<group>"; };
		FE8F6E382061121D001E46A5 /* histogramEqualization.hpp */ = {isa = PBXFileReference; fileEncoding = 4; lastKnownFileType = sourcecode.cpp.h; path = histogramEqualization.hpp; sourceTree = "<group>"; };
		FE8F6E392061121D001E46A5 /* histogramEqualization.cpp */ = {isa = PBXFileReference; fileEncoding = 4; lastKnownFileType = sourcecode.cpp.cpp; path = histogramEqualization.cpp; sourceTree = "<group>"; };
		FE8F6E422061166F001E46A5 /* binarisationofWotso.cpp */ = {isa = PBXFileReference; lastKnownFileType = sourcecode.cpp.cpp; path = binarisationofWotso.cpp; sourceTree = "<group>"; };
		FE8F6E432061166F001E46A5 /* binarisationofWotso.hpp */ = {isa = PBXFileReference; lastKnownFileType = sourcecode.cpp.h; path = binarisationofWotso.hpp; sourceTree = "<group>"; };
/* End PBXFileReference section */

/* Begin PBXFrameworksBuildPhase section */
		FE068BC72057E38C005D854A /* Frameworks */ = {
			isa = PBXFrameworksBuildPhase;
			buildActionMask = 2147483647;
			files = (
				FE068C022057F7CE005D854A /* libopencv_line_descriptor.3.4.0.dylib in Frameworks */,
				FE068C032057F7CE005D854A /* libopencv_videoio.3.4.0.dylib in Frameworks */,
				FE068C042057F7CE005D854A /* libopencv_flann.3.4.0.dylib in Frameworks */,
				FE068C052057F7CE005D854A /* libopencv_reg.3.4.0.dylib in Frameworks */,
				FE068C062057F7CE005D854A /* libopencv_imgproc.3.4.0.dylib in Frameworks */,
				FE068C072057F7CE005D854A /* libopencv_img_hash.3.4.0.dylib in Frameworks */,
				FE068C082057F7CE005D854A /* libopencv_plot.3.4.0.dylib in Frameworks */,
				FE068C092057F7CE005D854A /* libopencv_xphoto.3.4.0.dylib in Frameworks */,
				FE068C0A2057F7CE005D854A /* libopencv_objdetect.3.4.0.dylib in Frameworks */,
				FE068C0B2057F7CE005D854A /* libopencv_text.3.4.0.dylib in Frameworks */,
				FE068C0C2057F7CE005D854A /* libopencv_photo.3.4.0.dylib in Frameworks */,
				FE068C0D2057F7CE005D854A /* libopencv_tracking.3.4.0.dylib in Frameworks */,
				FE068C0E2057F7CE005D854A /* libopencv_xfeatures2d.3.4.0.dylib in Frameworks */,
				FE068C0F2057F7CE005D854A /* libopencv_ml.3.4.0.dylib in Frameworks */,
				FE068C102057F7CE005D854A /* libopencv_phase_unwrapping.3.4.0.dylib in Frameworks */,
				FE068C112057F7CE005D854A /* libopencv_saliency.3.4.0.dylib in Frameworks */,
				FE068C122057F7CE005D854A /* libopencv_face.3.4.0.dylib in Frameworks */,
				FE068C132057F7CE005D854A /* libopencv_shape.3.4.0.dylib in Frameworks */,
				FE068C142057F7CE005D854A /* libopencv_bioinspired.3.4.0.dylib in Frameworks */,
				FE068C152057F7CE005D854A /* libopencv_dnn.3.4.0.dylib in Frameworks */,
				FE068C162057F7CE005D854A /* libopencv_stereo.3.4.0.dylib in Frameworks */,
				FE068C172057F7CE005D854A /* libopencv_video.3.4.0.dylib in Frameworks */,
				FE068C182057F7CE005D854A /* libopencv_aruco.3.4.0.dylib in Frameworks */,
				FE068C192057F7CE005D854A /* libopencv_optflow.3.4.0.dylib in Frameworks */,
				FE068C1A2057F7CE005D854A /* libopencv_imgcodecs.3.4.0.dylib in Frameworks */,
				FE068C1B2057F7CE005D854A /* libopencv_videostab.3.4.0.dylib in Frameworks */,
				FE068C1C2057F7CE005D854A /* libopencv_ximgproc.3.4.0.dylib in Frameworks */,
				FE068C1D2057F7CE005D854A /* libopencv_superres.3.4.0.dylib in Frameworks */,
				FE068C1E2057F7CE005D854A /* libopencv_fuzzy.3.4.0.dylib in Frameworks */,
				FE068C1F2057F7CE005D854A /* libopencv_features2d.3.4.0.dylib in Frameworks */,
				FE068C202057F7CE005D854A /* libopencv_datasets.3.4.0.dylib in Frameworks */,
				FE068C212057F7CE005D854A /* libopencv_xobjdetect.3.4.0.dylib in Frameworks */,
				FE068C222057F7CE005D854A /* libopencv_highgui.3.4.0.dylib in Frameworks */,
				FE068C232057F7CE005D854A /* libopencv_stitching.3.4.0.dylib in Frameworks */,
				FE068C242057F7CE005D854A /* libopencv_calib3d.3.4.0.dylib in Frameworks */,
				FE068C252057F7CE005D854A /* libopencv_core.3.4.0.dylib in Frameworks */,
				FE068C262057F7CE005D854A /* libopencv_dpm.3.4.0.dylib in Frameworks */,
				FE068C272057F7CE005D854A /* libopencv_ccalib.3.4.0.dylib in Frameworks */,
				FE068C282057F7CE005D854A /* libopencv_rgbd.3.4.0.dylib in Frameworks */,
				FE068C292057F7CE005D854A /* libopencv_bgsegm.3.4.0.dylib in Frameworks */,
				FE068C2A2057F7CE005D854A /* libopencv_structured_light.3.4.0.dylib in Frameworks */,
				FE068C2B2057F7CE005D854A /* libopencv_surface_matching.3.4.0.dylib in Frameworks */,
			);
			runOnlyForDeploymentPostprocessing = 0;
		};
/* End PBXFrameworksBuildPhase section */

/* Begin PBXGroup section */
		FE068BC12057E38C005D854A = {
			isa = PBXGroup;
			children = (
				FE068BCC2057E38C005D854A /* Convert to a grayscale, binary images */,
				FE068BCB2057E38C005D854A /* Products */,
				FE068BD72057F7CC005D854A /* Frameworks */,
			);
			sourceTree = "<group>";
		};
		FE068BCB2057E38C005D854A /* Products */ = {
			isa = PBXGroup;
			children = (
				FE068BCA2057E38C005D854A /* Convert to a grayscale, binary images */,
			);
			name = Products;
			sourceTree = "<group>";
		};
		FE068BCC2057E38C005D854A /* Convert to a grayscale, binary images */ = {
			isa = PBXGroup;
			children = (
				FE068BCD2057E38C005D854A /* main.cpp */,
				FE0E24FD2067D5B900C94D0D /* hierarchicalBinarizationOtsu */,
				FE2ABC4A20619BAD00F5A2F0 /* binarisationOfOtsaLocal */,
				FE8F6E4120611534001E46A5 /* binarisationofWotso */,
				FE8F6E3B2061122C001E46A5 /* histogramEqualization */,
				FE20605E205AE0060090CCAE /* binarizationBand */,
				FE2ED234205A6B8200879F74 /*  binarysationSetthreshold */,
				FE2ED236205A6C8600879F74 /* grayScale */,
				FE2ED233205A6A1D00879F74 /* binaryConversions */,
			);
			path = "Convert to a grayscale, binary images";
			sourceTree = "<group>";
		};
		FE068BD72057F7CC005D854A /* Frameworks */ = {
			isa = PBXGroup;
			children = (
				FE068BEE2057F7CD005D854A /* libopencv_aruco.3.4.0.dylib */,
				FE068BFF2057F7CE005D854A /* libopencv_bgsegm.3.4.0.dylib */,
				FE068BEA2057F7CD005D854A /* libopencv_bioinspired.3.4.0.dylib */,
				FE068BFA2057F7CE005D854A /* libopencv_calib3d.3.4.0.dylib */,
				FE068BFD2057F7CE005D854A /* libopencv_ccalib.3.4.0.dylib */,
				FE068BFB2057F7CE005D854A /* libopencv_core.3.4.0.dylib */,
				FE068BF62057F7CE005D854A /* libopencv_datasets.3.4.0.dylib */,
				FE068BEB2057F7CD005D854A /* libopencv_dnn.3.4.0.dylib */,
				FE068BFC2057F7CE005D854A /* libopencv_dpm.3.4.0.dylib */,
				FE068BE82057F7CD005D854A /* libopencv_face.3.4.0.dylib */,
				FE068BF52057F7CE005D854A /* libopencv_features2d.3.4.0.dylib */,
				FE068BDA2057F7CD005D854A /* libopencv_flann.3.4.0.dylib */,
				FE068BF42057F7CE005D854A /* libopencv_fuzzy.3.4.0.dylib */,
				FE068BF82057F7CE005D854A /* libopencv_highgui.3.4.0.dylib */,
				FE068BDD2057F7CD005D854A /* libopencv_img_hash.3.4.0.dylib */,
				FE068BF02057F7CD005D854A /* libopencv_imgcodecs.3.4.0.dylib */,
				FE068BDC2057F7CD005D854A /* libopencv_imgproc.3.4.0.dylib */,
				FE068BD82057F7CC005D854A /* libopencv_line_descriptor.3.4.0.dylib */,
				FE068BE52057F7CD005D854A /* libopencv_ml.3.4.0.dylib */,
				FE068BE02057F7CD005D854A /* libopencv_objdetect.3.4.0.dylib */,
				FE068BEF2057F7CD005D854A /* libopencv_optflow.3.4.0.dylib */,
				FE068BE62057F7CD005D854A /* libopencv_phase_unwrapping.3.4.0.dylib */,
				FE068BE22057F7CD005D854A /* libopencv_photo.3.4.0.dylib */,
				FE068BDE2057F7CD005D854A /* libopencv_plot.3.4.0.dylib */,
				FE068BDB2057F7CD005D854A /* libopencv_reg.3.4.0.dylib */,
				FE068BFE2057F7CE005D854A /* libopencv_rgbd.3.4.0.dylib */,
				FE068BE72057F7CD005D854A /* libopencv_saliency.3.4.0.dylib */,
				FE068BE92057F7CD005D854A /* libopencv_shape.3.4.0.dylib */,
				FE068BEC2057F7CD005D854A /* libopencv_stereo.3.4.0.dylib */,
				FE068BF92057F7CE005D854A /* libopencv_stitching.3.4.0.dylib */,
				FE068C002057F7CE005D854A /* libopencv_structured_light.3.4.0.dylib */,
				FE068BF32057F7CE005D854A /* libopencv_superres.3.4.0.dylib */,
				FE068C012057F7CE005D854A /* libopencv_surface_matching.3.4.0.dylib */,
				FE068BE12057F7CD005D854A /* libopencv_text.3.4.0.dylib */,
				FE068BE32057F7CD005D854A /* libopencv_tracking.3.4.0.dylib */,
				FE068BED2057F7CD005D854A /* libopencv_video.3.4.0.dylib */,
				FE068BD92057F7CC005D854A /* libopencv_videoio.3.4.0.dylib */,
				FE068BF12057F7CD005D854A /* libopencv_videostab.3.4.0.dylib */,
				FE068BE42057F7CD005D854A /* libopencv_xfeatures2d.3.4.0.dylib */,
				FE068BF22057F7CE005D854A /* libopencv_ximgproc.3.4.0.dylib */,
				FE068BF72057F7CE005D854A /* libopencv_xobjdetect.3.4.0.dylib */,
				FE068BDF2057F7CD005D854A /* libopencv_xphoto.3.4.0.dylib */,
			);
			name = Frameworks;
			sourceTree = "<group>";
		};
		FE0E24FD2067D5B900C94D0D /* hierarchicalBinarizationOtsu */ = {
			isa = PBXGroup;
			children = (
				FE0E24FE2067D5F200C94D0D /* hierarchicalBinarizationOtsu.cpp */,
				FE0E24FF2067D5F200C94D0D /* hierarchicalBinarizationOtsu.hpp */,
			);
			path = hierarchicalBinarizationOtsu;
			sourceTree = "<group>";
		};
		FE20605E205AE0060090CCAE /* binarizationBand */ = {
			isa = PBXGroup;
			children = (
				FE20605F205AE0750090CCAE /* binarizationBand.cpp */,
				FE206060205AE0750090CCAE /* binarizationBand.hpp */,
			);
			path = binarizationBand;
			sourceTree = "<group>";
		};
		FE2ABC4A20619BAD00F5A2F0 /* binarisationOfOtsaLocal */ = {
			isa = PBXGroup;
			children = (
				FE2ABC4B20619C0D00F5A2F0 /* binarisationOfOtsaLocal.cpp */,
				FE2ABC4C20619C0D00F5A2F0 /* binarisationOfOtsaLocal.hpp */,
			);
			path = binarisationOfOtsaLocal;
			sourceTree = "<group>";
		};
		FE2ED233205A6A1D00879F74 /* binaryConversions */ = {
			isa = PBXGroup;
			children = (
				FE2ED22A205974AB00879F74 /* binaryConversions.cpp */,
				FE2ED22B205974AB00879F74 /* binaryConversions.hpp */,
			);
			path = binaryConversions;
			sourceTree = "<group>";
		};
		FE2ED234205A6B8200879F74 /*  binarysationSetthreshold */ = {
			isa = PBXGroup;
			children = (
				FE2ED22D20597B0700879F74 /* binarysationSetthreshold.cpp */,
				FE2ED22E20597B0700879F74 /* binarysationSetthreshold.hpp */,
			);
			path = " binarysationSetthreshold";
			sourceTree = "<group>";
		};
		FE2ED236205A6C8600879F74 /* grayScale */ = {
			isa = PBXGroup;
			children = (
				FE068BD42057E7AE005D854A /* grayScale.cpp */,
				FE068BD52057E7AE005D854A /* grayScale.hpp */,
			);
			path = grayScale;
			sourceTree = "<group>";
		};
		FE8F6E3B2061122C001E46A5 /* histogramEqualization */ = {
			isa = PBXGroup;
			children = (
				FE8F6E392061121D001E46A5 /* histogramEqualization.cpp */,
				FE8F6E382061121D001E46A5 /* histogramEqualization.hpp */,
			);
			path = histogramEqualization;
			sourceTree = "<group>";
		};
		FE8F6E4120611534001E46A5 /* binarisationofWotso */ = {
			isa = PBXGroup;
			children = (
				FE8F6E422061166F001E46A5 /* binarisationofWotso.cpp */,
				FE8F6E432061166F001E46A5 /* binarisationofWotso.hpp */,
			);
			path = binarisationofWotso;
			sourceTree = "<group>";
		};
/* End PBXGroup section */

/* Begin PBXNativeTarget section */
		FE068BC92057E38C005D854A /* Convert to a grayscale, binary images */ = {
			isa = PBXNativeTarget;
			buildConfigurationList = FE068BD12057E38C005D854A /* Build configuration list for PBXNativeTarget "Convert to a grayscale, binary images" */;
			buildPhases = (
				FE068BC62057E38C005D854A /* Sources */,
				FE068BC72057E38C005D854A /* Frameworks */,
				FE068BC82057E38C005D854A /* CopyFiles */,
			);
			buildRules = (
			);
			dependencies = (
			);
			name = "Convert to a grayscale, binary images";
			productName = "Convert to a grayscale, binary images";
			productReference = FE068BCA2057E38C005D854A /* Convert to a grayscale, binary images */;
			productType = "com.apple.product-type.tool";
		};
/* End PBXNativeTarget section */

/* Begin PBXProject section */
		FE068BC22057E38C005D854A /* Project object */ = {
			isa = PBXProject;
			attributes = {
				LastUpgradeCheck = 0910;
				ORGANIZATIONNAME = "Артём Семёнов";
				TargetAttributes = {
					FE068BC92057E38C005D854A = {
						CreatedOnToolsVersion = 9.1;
						ProvisioningStyle = Automatic;
					};
				};
			};
			buildConfigurationList = FE068BC52057E38C005D854A /* Build configuration list for PBXProject "Convert to a grayscale, binary images" */;
			compatibilityVersion = "Xcode 8.0";
			developmentRegion = en;
			hasScannedForEncodings = 0;
			knownRegions = (
				en,
			);
			mainGroup = FE068BC12057E38C005D854A;
			productRefGroup = FE068BCB2057E38C005D854A /* Products */;
			projectDirPath = "";
			projectRoot = "";
			targets = (
				FE068BC92057E38C005D854A /* Convert to a grayscale, binary images */,
			);
		};
/* End PBXProject section */

/* Begin PBXSourcesBuildPhase section */
		FE068BC62057E38C005D854A /* Sources */ = {
			isa = PBXSourcesBuildPhase;
			buildActionMask = 2147483647;
			files = (
				FE8F6E3A2061121E001E46A5 /* histogramEqualization.cpp in Sources */,
				FE068BCE2057E38C005D854A /* main.cpp in Sources */,
				FE8F6E442061166F001E46A5 /* binarisationofWotso.cpp in Sources */,
				FE2ED22F20597B0700879F74 /* binarysationSetthreshold.cpp in Sources */,
				FE2ED22C205974AB00879F74 /* binaryConversions.cpp in Sources */,
				FE0E25002067D5F200C94D0D /* hierarchicalBinarizationOtsu.cpp in Sources */,
				FE068BD62057E7AE005D854A /* grayScale.cpp in Sources */,
				FE2ABC4D20619C0D00F5A2F0 /* binarisationOfOtsaLocal.cpp in Sources */,
				FE206061205AE0750090CCAE /* binarizationBand.cpp in Sources */,
			);
			runOnlyForDeploymentPostprocessing = 0;
		};
/* End PBXSourcesBuildPhase section */

/* Begin XCBuildConfiguration section */
		FE068BCF2057E38C005D854A /* Debug */ = {
			isa = XCBuildConfiguration;
			buildSettings = {
				ALWAYS_SEARCH_USER_PATHS = NO;
				CLANG_ANALYZER_NONNULL = YES;
				CLANG_ANALYZER_NUMBER_OBJECT_CONVERSION = YES_AGGRESSIVE;
				CLANG_CXX_LANGUAGE_STANDARD = "gnu++14";
				CLANG_CXX_LIBRARY = "libc++";
				CLANG_ENABLE_MODULES = YES;
				CLANG_ENABLE_OBJC_ARC = YES;
				CLANG_WARN_BLOCK_CAPTURE_AUTORELEASING = YES;
				CLANG_WARN_BOOL_CONVERSION = YES;
				CLANG_WARN_COMMA = YES;
				CLANG_WARN_CONSTANT_CONVERSION = YES;
				CLANG_WARN_DIRECT_OBJC_ISA_USAGE = YES_ERROR;
				CLANG_WARN_DOCUMENTATION_COMMENTS = YES;
				CLANG_WARN_EMPTY_BODY = YES;
				CLANG_WARN_ENUM_CONVERSION = YES;
				CLANG_WARN_INFINITE_RECURSION = YES;
				CLANG_WARN_INT_CONVERSION = YES;
				CLANG_WARN_NON_LITERAL_NULL_CONVERSION = YES;
				CLANG_WARN_OBJC_LITERAL_CONVERSION = YES;
				CLANG_WARN_OBJC_ROOT_CLASS = YES_ERROR;
				CLANG_WARN_RANGE_LOOP_ANALYSIS = YES;
				CLANG_WARN_STRICT_PROTOTYPES = YES;
				CLANG_WARN_SUSPICIOUS_MOVE = YES;
				CLANG_WARN_UNGUARDED_AVAILABILITY = YES_AGGRESSIVE;
				CLANG_WARN_UNREACHABLE_CODE = YES;
				CLANG_WARN__DUPLICATE_METHOD_MATCH = YES;
				CODE_SIGN_IDENTITY = "-";
				COPY_PHASE_STRIP = NO;
				DEBUG_INFORMATION_FORMAT = dwarf;
				ENABLE_STRICT_OBJC_MSGSEND = YES;
				ENABLE_TESTABILITY = YES;
				GCC_C_LANGUAGE_STANDARD = gnu11;
				GCC_DYNAMIC_NO_PIC = NO;
				GCC_NO_COMMON_BLOCKS = YES;
				GCC_OPTIMIZATION_LEVEL = 0;
				GCC_PREPROCESSOR_DEFINITIONS = (
					"DEBUG=1",
					"$(inherited)",
				);
				GCC_WARN_64_TO_32_BIT_CONVERSION = YES;
				GCC_WARN_ABOUT_RETURN_TYPE = YES_ERROR;
				GCC_WARN_UNDECLARED_SELECTOR = YES;
				GCC_WARN_UNINITIALIZED_AUTOS = YES_AGGRESSIVE;
				GCC_WARN_UNUSED_FUNCTION = YES;
				GCC_WARN_UNUSED_VARIABLE = YES;
				MACOSX_DEPLOYMENT_TARGET = 10.13;
				MTL_ENABLE_DEBUG_INFO = YES;
				ONLY_ACTIVE_ARCH = YES;
				SDKROOT = macosx;
			};
			name = Debug;
		};
		FE068BD02057E38C005D854A /* Release */ = {
			isa = XCBuildConfiguration;
			buildSettings = {
				ALWAYS_SEARCH_USER_PATHS = NO;
				CLANG_ANALYZER_NONNULL = YES;
				CLANG_ANALYZER_NUMBER_OBJECT_CONVERSION = YES_AGGRESSIVE;
				CLANG_CXX_LANGUAGE_STANDARD = "gnu++14";
				CLANG_CXX_LIBRARY = "libc++";
				CLANG_ENABLE_MODULES = YES;
				CLANG_ENABLE_OBJC_ARC = YES;
				CLANG_WARN_BLOCK_CAPTURE_AUTORELEASING = YES;
				CLANG_WARN_BOOL_CONVERSION = YES;
				CLANG_WARN_COMMA = YES;
				CLANG_WARN_CONSTANT_CONVERSION = YES;
				CLANG_WARN_DIRECT_OBJC_ISA_USAGE = YES_ERROR;
				CLANG_WARN_DOCUMENTATION_COMMENTS = YES;
				CLANG_WARN_EMPTY_BODY = YES;
				CLANG_WARN_ENUM_CONVERSION = YES;
				CLANG_WARN_INFINITE_RECURSION = YES;
				CLANG_WARN_INT_CONVERSION = YES;
				CLANG_WARN_NON_LITERAL_NULL_CONVERSION = YES;
				CLANG_WARN_OBJC_LITERAL_CONVERSION = YES;
				CLANG_WARN_OBJC_ROOT_CLASS = YES_ERROR;
				CLANG_WARN_RANGE_LOOP_ANALYSIS = YES;
				CLANG_WARN_STRICT_PROTOTYPES = YES;
				CLANG_WARN_SUSPICIOUS_MOVE = YES;
				CLANG_WARN_UNGUARDED_AVAILABILITY = YES_AGGRESSIVE;
				CLANG_WARN_UNREACHABLE_CODE = YES;
				CLANG_WARN__DUPLICATE_METHOD_MATCH = YES;
				CODE_SIGN_IDENTITY = "-";
				COPY_PHASE_STRIP = NO;
				DEBUG_INFORMATION_FORMAT = "dwarf-with-dsym";
				ENABLE_NS_ASSERTIONS = NO;
				ENABLE_STRICT_OBJC_MSGSEND = YES;
				GCC_C_LANGUAGE_STANDARD = gnu11;
				GCC_NO_COMMON_BLOCKS = YES;
				GCC_WARN_64_TO_32_BIT_CONVERSION = YES;
				GCC_WARN_ABOUT_RETURN_TYPE = YES_ERROR;
				GCC_WARN_UNDECLARED_SELECTOR = YES;
				GCC_WARN_UNINITIALIZED_AUTOS = YES_AGGRESSIVE;
				GCC_WARN_UNUSED_FUNCTION = YES;
				GCC_WARN_UNUSED_VARIABLE = YES;
				MACOSX_DEPLOYMENT_TARGET = 10.13;
				MTL_ENABLE_DEBUG_INFO = NO;
				SDKROOT = macosx;
			};
			name = Release;
		};
		FE068BD22057E38C005D854A /* Debug */ = {
			isa = XCBuildConfiguration;
			buildSettings = {
				CLANG_WARN_DOCUMENTATION_COMMENTS = NO;
				CODE_SIGN_STYLE = Automatic;
				GCC_OPTIMIZATION_LEVEL = 2;
				HEADER_SEARCH_PATHS = /usr/local/include;
				LIBRARY_SEARCH_PATHS = /usr/local/Cellar/opencv/3.4.0_1/lib;
				LLVM_LTO = NO;
				PRODUCT_NAME = "$(TARGET_NAME)";
			};
			name = Debug;
		};
		FE068BD32057E38C005D854A /* Release */ = {
			isa = XCBuildConfiguration;
			buildSettings = {
				CLANG_WARN_DOCUMENTATION_COMMENTS = NO;
				CODE_SIGN_STYLE = Automatic;
				GCC_OPTIMIZATION_LEVEL = 2;
				HEADER_SEARCH_PATHS = /usr/local/include;
				LIBRARY_SEARCH_PATHS = /usr/local/Cellar/opencv/3.4.0_1/lib;
				LLVM_LTO = NO;
				PRODUCT_NAME = "$(TARGET_NAME)";
			};
			name = Release;
		};
/* End XCBuildConfiguration section */

/* Begin XCConfigurationList section */
		FE068BC52057E38C005D854A /* Build configuration list for PBXProject "Convert to a grayscale, binary images" */ = {
			isa = XCConfigurationList;
			buildConfigurations = (
				FE068BCF2057E38C005D854A /* Debug */,
				FE068BD02057E38C005D854A /* Release */,
			);
			defaultConfigurationIsVisible = 0;
			defaultConfigurationName = Release;
		};
		FE068BD12057E38C005D854A /* Build configuration list for PBXNativeTarget "Convert to a grayscale, binary images" */ = {
			isa = XCConfigurationList;
			buildConfigurations = (
				FE068BD22057E38C005D854A /* Debug */,
				FE068BD32057E38C005D854A /* Release */,
			);
			defaultConfigurationIsVisible = 0;
			defaultConfigurationName = Release;
		};
/* End XCConfigurationList section */
	};
	rootObject = FE068BC22057E38C005D854A /* Project object */;
}
